
Microsoft Visual Studio Solution File, Format Version 12.00
# Visual Studio Version 17
VisualStudioVersion = 17.0.31903.59
MinimumVisualStudioVersion = 10.0.40219.1
Project("{FAE04EC0-301F-11D3-BF4B-00C04F79EFBC}") = "task01", "task01\task01.csproj", "{25C016B1-891F-4A11-BFFD-FB93D3E3286A}"
EndProject
Project("{FAE04EC0-301F-11D3-BF4B-00C04F79EFBC}") = "task01tests", "task01tests\task01tests.csproj", "{CD3EF20C-5920-44DE-9821-C9CF5A7666B8}"
EndProject
Project("{FAE04EC0-301F-11D3-BF4B-00C04F79EFBC}") = "task02", "task02\task02.csproj", "{97E9ACB2-42F4-4F46-A299-0119DBF6607C}"
EndProject
Project("{FAE04EC0-301F-11D3-BF4B-00C04F79EFBC}") = "task02tests", "task02tests\task02tests.csproj", "{B6D929E9-5724-46B5-B0ED-C1803DEDD897}"
EndProject
Project("{FAE04EC0-301F-11D3-BF4B-00C04F79EFBC}") = "task03", "task03\task03.csproj", "{3D9E0819-6BBA-495B-939A-2218F180C55C}"
EndProject
Project("{FAE04EC0-301F-11D3-BF4B-00C04F79EFBC}") = "task03tests", "task03tests\task03tests.csproj", "{7AE69BE1-A6AE-48F8-804F-3576C80F4A84}"
EndProject
Project("{FAE04EC0-301F-11D3-BF4B-00C04F79EFBC}") = "task04", "task04\task04.csproj", "{C02D811B-3BDA-4E2B-9A83-E6E18273D9F8}"
EndProject
Project("{FAE04EC0-301F-11D3-BF4B-00C04F79EFBC}") = "task04tests", "task04tests\task04tests.csproj", "{EA11E52F-016F-41AB-B55D-E56695AB02A0}"
EndProject
Project("{FAE04EC0-301F-11D3-BF4B-00C04F79EFBC}") = "task05", "task05\task05.csproj", "{2FAF458E-81C9-4669-99B9-5A5E6F82EE09}"
EndProject
Project("{FAE04EC0-301F-11D3-BF4B-00C04F79EFBC}") = "task05tests", "task05tests\task05tests.csproj", "{122EA702-4EF1-4A90-8957-A48CE817934C}"
EndProject
Project("{FAE04EC0-301F-11D3-BF4B-00C04F79EFBC}") = "task07", "task07\task07.csproj", "{EA793450-71BE-47E6-916F-963A5E24EDEA}"
EndProject
Project("{FAE04EC0-301F-11D3-BF4B-00C04F79EFBC}") = "task07tests", "task07tests\task07tests.csproj", "{A7AD0D95-1F31-4360-AC99-D159336BC700}"
EndProject
Project("{2150E333-8FDC-42A3-9474-1A3956D46DE8}") = "task08", "task08", "{058124A6-8314-FADE-A8B6-ED282575A508}"
EndProject
Project("{FAE04EC0-301F-11D3-BF4B-00C04F79EFBC}") = "CommandLib", "task08\CommandLib\CommandLib.csproj", "{409DA59E-ED64-4351-AFE2-2C186BEC1441}"
EndProject
Project("{FAE04EC0-301F-11D3-BF4B-00C04F79EFBC}") = "FileSystemCommands", "task08\FileSystemCommands\FileSystemCommands.csproj", "{6176EA75-1C35-40DC-9368-A985B69B2549}"
EndProject
Project("{FAE04EC0-301F-11D3-BF4B-00C04F79EFBC}") = "task09", "task09\task09.csproj", "{9BD80169-DD32-45D3-935C-60FCF72269F8}"
EndProject
Project("{FAE04EC0-301F-11D3-BF4B-00C04F79EFBC}") = "task09tests", "task09tests\task09tests.csproj", "{98C074F1-D9BE-47F8-BA93-21902B5A59AB}"
EndProject
Project("{2150E333-8FDC-42A3-9474-1A3956D46DE8}") = "task10", "task10", "{E0A9933A-4B01-9ACF-C2B2-D45426B11F6E}"
EndProject
Project("{FAE04EC0-301F-11D3-BF4B-00C04F79EFBC}") = "Core", "task10\Core\Core.csproj", "{75F35C6A-7A63-4323-B95F-B411110B9773}"
EndProject
Project("{FAE04EC0-301F-11D3-BF4B-00C04F79EFBC}") = "Discoverer", "task10\Discoverer\Discoverer.csproj", "{E6CF6593-B57E-44A1-9FFE-EA9BD846891D}"
EndProject
Project("{2150E333-8FDC-42A3-9474-1A3956D46DE8}") = "Extensions", "Extensions", "{4C00459B-9F23-643E-2B70-6E5A9267EFEB}"
EndProject
Project("{FAE04EC0-301F-11D3-BF4B-00C04F79EFBC}") = "Registrar", "task10\Extensions\Registrar\Registrar.csproj", "{F51F07A4-5407-4971-9C2E-1BF13376A4F4}"
EndProject
Project("{FAE04EC0-301F-11D3-BF4B-00C04F79EFBC}") = "StorageService", "task10\Extensions\StorageService\StorageService.csproj", "{B5237530-1316-4E37-98DB-3D09453BB48A}"
EndProject
Project("{FAE04EC0-301F-11D3-BF4B-00C04F79EFBC}") = "ReportMaker", "task10\Extensions\ReportMaker\ReportMaker.csproj", "{039BF198-CDB0-473E-979F-CF86FC5DECD9}"
EndProject
Project("{FAE04EC0-301F-11D3-BF4B-00C04F79EFBC}") = "Host", "task10\Host\Host.csproj", "{29109165-93D5-4EE1-8ABB-A4D36EF11958}"
EndProject
Project("{FAE04EC0-301F-11D3-BF4B-00C04F79EFBC}") = "task10tests", "task10\task10tests\task10tests.csproj", "{432D24F7-5D9D-4CE1-963C-E18B994ADE31}"
EndProject
Project("{FAE04EC0-301F-11D3-BF4B-00C04F79EFBC}") = "task11", "task11\task11.csproj", "{E906DDAD-C0DA-4EE7-8B79-4ED5F1495079}"
EndProject
Project("{FAE04EC0-301F-11D3-BF4B-00C04F79EFBC}") = "task11tests", "task11tests\task11tests.csproj", "{F9ABF1E1-F617-46FE-BA65-E1A2B079988D}"
EndProject
Project("{FAE04EC0-301F-11D3-BF4B-00C04F79EFBC}") = "task13", "task13\task13.csproj", "{49F7D2F4-F7F4-4FFD-B01F-798F1C98CB9F}"
EndProject
Project("{FAE04EC0-301F-11D3-BF4B-00C04F79EFBC}") = "task13tests", "task13tests\task13tests.csproj", "{8FE9ED70-4851-48C3-9DC3-CE2ABB9F5ECA}"
EndProject
Project("{FAE04EC0-301F-11D3-BF4B-00C04F79EFBC}") = "task13app", "task13app\task13app.csproj", "{587FC931-34DD-4E04-9664-C4E2F096EA0E}"
EndProject
Project("{FAE04EC0-301F-11D3-BF4B-00C04F79EFBC}") = "task14", "task14\task14.csproj", "{A8125187-C728-4E8F-AA35-378BBB5561B9}"
EndProject
Project("{FAE04EC0-301F-11D3-BF4B-00C04F79EFBC}") = "task14tests", "task14tests\task14tests.csproj", "{4921E100-A7DF-4ADE-8369-4981511360F5}"
EndProject
Project("{FAE04EC0-301F-11D3-BF4B-00C04F79EFBC}") = "task15", "task15\task15.csproj", "{2F3E53F5-7B55-41D5-9DB8-2770CE7EFFF2}"
EndProject
Project("{FAE04EC0-301F-11D3-BF4B-00C04F79EFBC}") = "task15tests", "task15tests\task15tests.csproj", "{1B62C247-32A5-4BA0-93C5-A6018FD38A75}"
EndProject
Project("{FAE04EC0-301F-11D3-BF4B-00C04F79EFBC}") = "task17", "task17\task17.csproj", "{93B9E6D3-EE2B-48DE-83BD-55EF36CD0BBA}"
EndProject
Project("{FAE04EC0-301F-11D3-BF4B-00C04F79EFBC}") = "task17tests", "task17tests\task17tests.csproj", "{5BBF4CEA-A1CB-4D9C-9712-4E013141C55E}"
EndProject
Project("{FAE04EC0-301F-11D3-BF4B-00C04F79EFBC}") = "task18", "task18\task18.csproj", "{6FD3288F-F2B3-4CCF-A3CA-9C89F52BFC11}"
EndProject
Project("{FAE04EC0-301F-11D3-BF4B-00C04F79EFBC}") = "task18tests", "task18tests\task18tests.csproj", "{50FFE0C2-C58A-44C0-8789-1411BF58A904}"
EndProject
Project("{FAE04EC0-301F-11D3-BF4B-00C04F79EFBC}") = "task19", "task19\task19.csproj", "{CB0FCBDB-1168-4513-A7B7-BAC6F08F14D8}"
EndProject
Project("{FAE04EC0-301F-11D3-BF4B-00C04F79EFBC}") = "task19app", "task19app\task19app.csproj", "{13C6CD8E-ACF9-46BF-8B8B-F322D6E73D66}"
EndProject
Project("{FAE04EC0-301F-11D3-BF4B-00C04F79EFBC}") = "task19tests", "task19tests\task19tests.csproj", "{90D05C48-EFBA-4613-ABBD-EB88352C33F5}"
EndProject
Global
	GlobalSection(SolutionConfigurationPlatforms) = preSolution
		Debug|Any CPU = Debug|Any CPU
		Debug|x64 = Debug|x64
		Debug|x86 = Debug|x86
		Release|Any CPU = Release|Any CPU
		Release|x64 = Release|x64
		Release|x86 = Release|x86
	EndGlobalSection
	GlobalSection(ProjectConfigurationPlatforms) = postSolution
		{25C016B1-891F-4A11-BFFD-FB93D3E3286A}.Debug|Any CPU.ActiveCfg = Debug|Any CPU
		{25C016B1-891F-4A11-BFFD-FB93D3E3286A}.Debug|Any CPU.Build.0 = Debug|Any CPU
		{25C016B1-891F-4A11-BFFD-FB93D3E3286A}.Debug|x64.ActiveCfg = Debug|Any CPU
		{25C016B1-891F-4A11-BFFD-FB93D3E3286A}.Debug|x64.Build.0 = Debug|Any CPU
		{25C016B1-891F-4A11-BFFD-FB93D3E3286A}.Debug|x86.ActiveCfg = Debug|Any CPU
		{25C016B1-891F-4A11-BFFD-FB93D3E3286A}.Debug|x86.Build.0 = Debug|Any CPU
		{25C016B1-891F-4A11-BFFD-FB93D3E3286A}.Release|Any CPU.ActiveCfg = Release|Any CPU
		{25C016B1-891F-4A11-BFFD-FB93D3E3286A}.Release|Any CPU.Build.0 = Release|Any CPU
		{25C016B1-891F-4A11-BFFD-FB93D3E3286A}.Release|x64.ActiveCfg = Release|Any CPU
		{25C016B1-891F-4A11-BFFD-FB93D3E3286A}.Release|x64.Build.0 = Release|Any CPU
		{25C016B1-891F-4A11-BFFD-FB93D3E3286A}.Release|x86.ActiveCfg = Release|Any CPU
		{25C016B1-891F-4A11-BFFD-FB93D3E3286A}.Release|x86.Build.0 = Release|Any CPU
		{CD3EF20C-5920-44DE-9821-C9CF5A7666B8}.Debug|Any CPU.ActiveCfg = Debug|Any CPU
		{CD3EF20C-5920-44DE-9821-C9CF5A7666B8}.Debug|Any CPU.Build.0 = Debug|Any CPU
		{CD3EF20C-5920-44DE-9821-C9CF5A7666B8}.Debug|x64.ActiveCfg = Debug|Any CPU
		{CD3EF20C-5920-44DE-9821-C9CF5A7666B8}.Debug|x64.Build.0 = Debug|Any CPU
		{CD3EF20C-5920-44DE-9821-C9CF5A7666B8}.Debug|x86.ActiveCfg = Debug|Any CPU
		{CD3EF20C-5920-44DE-9821-C9CF5A7666B8}.Debug|x86.Build.0 = Debug|Any CPU
		{CD3EF20C-5920-44DE-9821-C9CF5A7666B8}.Release|Any CPU.ActiveCfg = Release|Any CPU
		{CD3EF20C-5920-44DE-9821-C9CF5A7666B8}.Release|Any CPU.Build.0 = Release|Any CPU
		{CD3EF20C-5920-44DE-9821-C9CF5A7666B8}.Release|x64.ActiveCfg = Release|Any CPU
		{CD3EF20C-5920-44DE-9821-C9CF5A7666B8}.Release|x64.Build.0 = Release|Any CPU
		{CD3EF20C-5920-44DE-9821-C9CF5A7666B8}.Release|x86.ActiveCfg = Release|Any CPU
		{CD3EF20C-5920-44DE-9821-C9CF5A7666B8}.Release|x86.Build.0 = Release|Any CPU
		{97E9ACB2-42F4-4F46-A299-0119DBF6607C}.Debug|Any CPU.ActiveCfg = Debug|Any CPU
		{97E9ACB2-42F4-4F46-A299-0119DBF6607C}.Debug|Any CPU.Build.0 = Debug|Any CPU
		{97E9ACB2-42F4-4F46-A299-0119DBF6607C}.Debug|x64.ActiveCfg = Debug|Any CPU
		{97E9ACB2-42F4-4F46-A299-0119DBF6607C}.Debug|x64.Build.0 = Debug|Any CPU
		{97E9ACB2-42F4-4F46-A299-0119DBF6607C}.Debug|x86.ActiveCfg = Debug|Any CPU
		{97E9ACB2-42F4-4F46-A299-0119DBF6607C}.Debug|x86.Build.0 = Debug|Any CPU
		{97E9ACB2-42F4-4F46-A299-0119DBF6607C}.Release|Any CPU.ActiveCfg = Release|Any CPU
		{97E9ACB2-42F4-4F46-A299-0119DBF6607C}.Release|Any CPU.Build.0 = Release|Any CPU
		{97E9ACB2-42F4-4F46-A299-0119DBF6607C}.Release|x64.ActiveCfg = Release|Any CPU
		{97E9ACB2-42F4-4F46-A299-0119DBF6607C}.Release|x64.Build.0 = Release|Any CPU
		{97E9ACB2-42F4-4F46-A299-0119DBF6607C}.Release|x86.ActiveCfg = Release|Any CPU
		{97E9ACB2-42F4-4F46-A299-0119DBF6607C}.Release|x86.Build.0 = Release|Any CPU
		{B6D929E9-5724-46B5-B0ED-C1803DEDD897}.Debug|Any CPU.ActiveCfg = Debug|Any CPU
		{B6D929E9-5724-46B5-B0ED-C1803DEDD897}.Debug|Any CPU.Build.0 = Debug|Any CPU
		{B6D929E9-5724-46B5-B0ED-C1803DEDD897}.Debug|x64.ActiveCfg = Debug|Any CPU
		{B6D929E9-5724-46B5-B0ED-C1803DEDD897}.Debug|x64.Build.0 = Debug|Any CPU
		{B6D929E9-5724-46B5-B0ED-C1803DEDD897}.Debug|x86.ActiveCfg = Debug|Any CPU
		{B6D929E9-5724-46B5-B0ED-C1803DEDD897}.Debug|x86.Build.0 = Debug|Any CPU
		{B6D929E9-5724-46B5-B0ED-C1803DEDD897}.Release|Any CPU.ActiveCfg = Release|Any CPU
		{B6D929E9-5724-46B5-B0ED-C1803DEDD897}.Release|Any CPU.Build.0 = Release|Any CPU
		{B6D929E9-5724-46B5-B0ED-C1803DEDD897}.Release|x64.ActiveCfg = Release|Any CPU
		{B6D929E9-5724-46B5-B0ED-C1803DEDD897}.Release|x64.Build.0 = Release|Any CPU
		{B6D929E9-5724-46B5-B0ED-C1803DEDD897}.Release|x86.ActiveCfg = Release|Any CPU
		{B6D929E9-5724-46B5-B0ED-C1803DEDD897}.Release|x86.Build.0 = Release|Any CPU
		{3D9E0819-6BBA-495B-939A-2218F180C55C}.Debug|Any CPU.ActiveCfg = Debug|Any CPU
		{3D9E0819-6BBA-495B-939A-2218F180C55C}.Debug|Any CPU.Build.0 = Debug|Any CPU
		{3D9E0819-6BBA-495B-939A-2218F180C55C}.Debug|x64.ActiveCfg = Debug|Any CPU
		{3D9E0819-6BBA-495B-939A-2218F180C55C}.Debug|x64.Build.0 = Debug|Any CPU
		{3D9E0819-6BBA-495B-939A-2218F180C55C}.Debug|x86.ActiveCfg = Debug|Any CPU
		{3D9E0819-6BBA-495B-939A-2218F180C55C}.Debug|x86.Build.0 = Debug|Any CPU
		{3D9E0819-6BBA-495B-939A-2218F180C55C}.Release|Any CPU.ActiveCfg = Release|Any CPU
		{3D9E0819-6BBA-495B-939A-2218F180C55C}.Release|Any CPU.Build.0 = Release|Any CPU
		{3D9E0819-6BBA-495B-939A-2218F180C55C}.Release|x64.ActiveCfg = Release|Any CPU
		{3D9E0819-6BBA-495B-939A-2218F180C55C}.Release|x64.Build.0 = Release|Any CPU
		{3D9E0819-6BBA-495B-939A-2218F180C55C}.Release|x86.ActiveCfg = Release|Any CPU
		{3D9E0819-6BBA-495B-939A-2218F180C55C}.Release|x86.Build.0 = Release|Any CPU
		{7AE69BE1-A6AE-48F8-804F-3576C80F4A84}.Debug|Any CPU.ActiveCfg = Debug|Any CPU
		{7AE69BE1-A6AE-48F8-804F-3576C80F4A84}.Debug|Any CPU.Build.0 = Debug|Any CPU
		{7AE69BE1-A6AE-48F8-804F-3576C80F4A84}.Debug|x64.ActiveCfg = Debug|Any CPU
		{7AE69BE1-A6AE-48F8-804F-3576C80F4A84}.Debug|x64.Build.0 = Debug|Any CPU
		{7AE69BE1-A6AE-48F8-804F-3576C80F4A84}.Debug|x86.ActiveCfg = Debug|Any CPU
		{7AE69BE1-A6AE-48F8-804F-3576C80F4A84}.Debug|x86.Build.0 = Debug|Any CPU
		{7AE69BE1-A6AE-48F8-804F-3576C80F4A84}.Release|Any CPU.ActiveCfg = Release|Any CPU
		{7AE69BE1-A6AE-48F8-804F-3576C80F4A84}.Release|Any CPU.Build.0 = Release|Any CPU
		{7AE69BE1-A6AE-48F8-804F-3576C80F4A84}.Release|x64.ActiveCfg = Release|Any CPU
		{7AE69BE1-A6AE-48F8-804F-3576C80F4A84}.Release|x64.Build.0 = Release|Any CPU
		{7AE69BE1-A6AE-48F8-804F-3576C80F4A84}.Release|x86.ActiveCfg = Release|Any CPU
		{7AE69BE1-A6AE-48F8-804F-3576C80F4A84}.Release|x86.Build.0 = Release|Any CPU
		{C02D811B-3BDA-4E2B-9A83-E6E18273D9F8}.Debug|Any CPU.ActiveCfg = Debug|Any CPU
		{C02D811B-3BDA-4E2B-9A83-E6E18273D9F8}.Debug|Any CPU.Build.0 = Debug|Any CPU
		{C02D811B-3BDA-4E2B-9A83-E6E18273D9F8}.Debug|x64.ActiveCfg = Debug|Any CPU
		{C02D811B-3BDA-4E2B-9A83-E6E18273D9F8}.Debug|x64.Build.0 = Debug|Any CPU
		{C02D811B-3BDA-4E2B-9A83-E6E18273D9F8}.Debug|x86.ActiveCfg = Debug|Any CPU
		{C02D811B-3BDA-4E2B-9A83-E6E18273D9F8}.Debug|x86.Build.0 = Debug|Any CPU
		{C02D811B-3BDA-4E2B-9A83-E6E18273D9F8}.Release|Any CPU.ActiveCfg = Release|Any CPU
		{C02D811B-3BDA-4E2B-9A83-E6E18273D9F8}.Release|Any CPU.Build.0 = Release|Any CPU
		{C02D811B-3BDA-4E2B-9A83-E6E18273D9F8}.Release|x64.ActiveCfg = Release|Any CPU
		{C02D811B-3BDA-4E2B-9A83-E6E18273D9F8}.Release|x64.Build.0 = Release|Any CPU
		{C02D811B-3BDA-4E2B-9A83-E6E18273D9F8}.Release|x86.ActiveCfg = Release|Any CPU
		{C02D811B-3BDA-4E2B-9A83-E6E18273D9F8}.Release|x86.Build.0 = Release|Any CPU
		{EA11E52F-016F-41AB-B55D-E56695AB02A0}.Debug|Any CPU.ActiveCfg = Debug|Any CPU
		{EA11E52F-016F-41AB-B55D-E56695AB02A0}.Debug|Any CPU.Build.0 = Debug|Any CPU
		{EA11E52F-016F-41AB-B55D-E56695AB02A0}.Debug|x64.ActiveCfg = Debug|Any CPU
		{EA11E52F-016F-41AB-B55D-E56695AB02A0}.Debug|x64.Build.0 = Debug|Any CPU
		{EA11E52F-016F-41AB-B55D-E56695AB02A0}.Debug|x86.ActiveCfg = Debug|Any CPU
		{EA11E52F-016F-41AB-B55D-E56695AB02A0}.Debug|x86.Build.0 = Debug|Any CPU
		{EA11E52F-016F-41AB-B55D-E56695AB02A0}.Release|Any CPU.ActiveCfg = Release|Any CPU
		{EA11E52F-016F-41AB-B55D-E56695AB02A0}.Release|Any CPU.Build.0 = Release|Any CPU
		{EA11E52F-016F-41AB-B55D-E56695AB02A0}.Release|x64.ActiveCfg = Release|Any CPU
		{EA11E52F-016F-41AB-B55D-E56695AB02A0}.Release|x64.Build.0 = Release|Any CPU
		{EA11E52F-016F-41AB-B55D-E56695AB02A0}.Release|x86.ActiveCfg = Release|Any CPU
		{EA11E52F-016F-41AB-B55D-E56695AB02A0}.Release|x86.Build.0 = Release|Any CPU
		{2FAF458E-81C9-4669-99B9-5A5E6F82EE09}.Debug|Any CPU.ActiveCfg = Debug|Any CPU
		{2FAF458E-81C9-4669-99B9-5A5E6F82EE09}.Debug|Any CPU.Build.0 = Debug|Any CPU
		{2FAF458E-81C9-4669-99B9-5A5E6F82EE09}.Debug|x64.ActiveCfg = Debug|Any CPU
		{2FAF458E-81C9-4669-99B9-5A5E6F82EE09}.Debug|x64.Build.0 = Debug|Any CPU
		{2FAF458E-81C9-4669-99B9-5A5E6F82EE09}.Debug|x86.ActiveCfg = Debug|Any CPU
		{2FAF458E-81C9-4669-99B9-5A5E6F82EE09}.Debug|x86.Build.0 = Debug|Any CPU
		{2FAF458E-81C9-4669-99B9-5A5E6F82EE09}.Release|Any CPU.ActiveCfg = Release|Any CPU
		{2FAF458E-81C9-4669-99B9-5A5E6F82EE09}.Release|Any CPU.Build.0 = Release|Any CPU
		{2FAF458E-81C9-4669-99B9-5A5E6F82EE09}.Release|x64.ActiveCfg = Release|Any CPU
		{2FAF458E-81C9-4669-99B9-5A5E6F82EE09}.Release|x64.Build.0 = Release|Any CPU
		{2FAF458E-81C9-4669-99B9-5A5E6F82EE09}.Release|x86.ActiveCfg = Release|Any CPU
		{2FAF458E-81C9-4669-99B9-5A5E6F82EE09}.Release|x86.Build.0 = Release|Any CPU
		{122EA702-4EF1-4A90-8957-A48CE817934C}.Debug|Any CPU.ActiveCfg = Debug|Any CPU
		{122EA702-4EF1-4A90-8957-A48CE817934C}.Debug|Any CPU.Build.0 = Debug|Any CPU
		{122EA702-4EF1-4A90-8957-A48CE817934C}.Debug|x64.ActiveCfg = Debug|Any CPU
		{122EA702-4EF1-4A90-8957-A48CE817934C}.Debug|x64.Build.0 = Debug|Any CPU
		{122EA702-4EF1-4A90-8957-A48CE817934C}.Debug|x86.ActiveCfg = Debug|Any CPU
		{122EA702-4EF1-4A90-8957-A48CE817934C}.Debug|x86.Build.0 = Debug|Any CPU
		{122EA702-4EF1-4A90-8957-A48CE817934C}.Release|Any CPU.ActiveCfg = Release|Any CPU
		{122EA702-4EF1-4A90-8957-A48CE817934C}.Release|Any CPU.Build.0 = Release|Any CPU
		{122EA702-4EF1-4A90-8957-A48CE817934C}.Release|x64.ActiveCfg = Release|Any CPU
		{122EA702-4EF1-4A90-8957-A48CE817934C}.Release|x64.Build.0 = Release|Any CPU
		{122EA702-4EF1-4A90-8957-A48CE817934C}.Release|x86.ActiveCfg = Release|Any CPU
		{122EA702-4EF1-4A90-8957-A48CE817934C}.Release|x86.Build.0 = Release|Any CPU
		{EA793450-71BE-47E6-916F-963A5E24EDEA}.Debug|Any CPU.ActiveCfg = Debug|Any CPU
		{EA793450-71BE-47E6-916F-963A5E24EDEA}.Debug|Any CPU.Build.0 = Debug|Any CPU
		{EA793450-71BE-47E6-916F-963A5E24EDEA}.Debug|x64.ActiveCfg = Debug|Any CPU
		{EA793450-71BE-47E6-916F-963A5E24EDEA}.Debug|x64.Build.0 = Debug|Any CPU
		{EA793450-71BE-47E6-916F-963A5E24EDEA}.Debug|x86.ActiveCfg = Debug|Any CPU
		{EA793450-71BE-47E6-916F-963A5E24EDEA}.Debug|x86.Build.0 = Debug|Any CPU
		{EA793450-71BE-47E6-916F-963A5E24EDEA}.Release|Any CPU.ActiveCfg = Release|Any CPU
		{EA793450-71BE-47E6-916F-963A5E24EDEA}.Release|Any CPU.Build.0 = Release|Any CPU
		{EA793450-71BE-47E6-916F-963A5E24EDEA}.Release|x64.ActiveCfg = Release|Any CPU
		{EA793450-71BE-47E6-916F-963A5E24EDEA}.Release|x64.Build.0 = Release|Any CPU
		{EA793450-71BE-47E6-916F-963A5E24EDEA}.Release|x86.ActiveCfg = Release|Any CPU
		{EA793450-71BE-47E6-916F-963A5E24EDEA}.Release|x86.Build.0 = Release|Any CPU
		{A7AD0D95-1F31-4360-AC99-D159336BC700}.Debug|Any CPU.ActiveCfg = Debug|Any CPU
		{A7AD0D95-1F31-4360-AC99-D159336BC700}.Debug|Any CPU.Build.0 = Debug|Any CPU
		{A7AD0D95-1F31-4360-AC99-D159336BC700}.Debug|x64.ActiveCfg = Debug|Any CPU
		{A7AD0D95-1F31-4360-AC99-D159336BC700}.Debug|x64.Build.0 = Debug|Any CPU
		{A7AD0D95-1F31-4360-AC99-D159336BC700}.Debug|x86.ActiveCfg = Debug|Any CPU
		{A7AD0D95-1F31-4360-AC99-D159336BC700}.Debug|x86.Build.0 = Debug|Any CPU
		{A7AD0D95-1F31-4360-AC99-D159336BC700}.Release|Any CPU.ActiveCfg = Release|Any CPU
		{A7AD0D95-1F31-4360-AC99-D159336BC700}.Release|Any CPU.Build.0 = Release|Any CPU
		{A7AD0D95-1F31-4360-AC99-D159336BC700}.Release|x64.ActiveCfg = Release|Any CPU
		{A7AD0D95-1F31-4360-AC99-D159336BC700}.Release|x64.Build.0 = Release|Any CPU
		{A7AD0D95-1F31-4360-AC99-D159336BC700}.Release|x86.ActiveCfg = Release|Any CPU
		{A7AD0D95-1F31-4360-AC99-D159336BC700}.Release|x86.Build.0 = Release|Any CPU
		{409DA59E-ED64-4351-AFE2-2C186BEC1441}.Debug|Any CPU.ActiveCfg = Debug|Any CPU
		{409DA59E-ED64-4351-AFE2-2C186BEC1441}.Debug|Any CPU.Build.0 = Debug|Any CPU
		{409DA59E-ED64-4351-AFE2-2C186BEC1441}.Debug|x64.ActiveCfg = Debug|Any CPU
		{409DA59E-ED64-4351-AFE2-2C186BEC1441}.Debug|x64.Build.0 = Debug|Any CPU
		{409DA59E-ED64-4351-AFE2-2C186BEC1441}.Debug|x86.ActiveCfg = Debug|Any CPU
		{409DA59E-ED64-4351-AFE2-2C186BEC1441}.Debug|x86.Build.0 = Debug|Any CPU
		{409DA59E-ED64-4351-AFE2-2C186BEC1441}.Release|Any CPU.ActiveCfg = Release|Any CPU
		{409DA59E-ED64-4351-AFE2-2C186BEC1441}.Release|Any CPU.Build.0 = Release|Any CPU
		{409DA59E-ED64-4351-AFE2-2C186BEC1441}.Release|x64.ActiveCfg = Release|Any CPU
		{409DA59E-ED64-4351-AFE2-2C186BEC1441}.Release|x64.Build.0 = Release|Any CPU
		{409DA59E-ED64-4351-AFE2-2C186BEC1441}.Release|x86.ActiveCfg = Release|Any CPU
		{409DA59E-ED64-4351-AFE2-2C186BEC1441}.Release|x86.Build.0 = Release|Any CPU
		{6176EA75-1C35-40DC-9368-A985B69B2549}.Debug|Any CPU.ActiveCfg = Debug|Any CPU
		{6176EA75-1C35-40DC-9368-A985B69B2549}.Debug|Any CPU.Build.0 = Debug|Any CPU
		{6176EA75-1C35-40DC-9368-A985B69B2549}.Debug|x64.ActiveCfg = Debug|Any CPU
		{6176EA75-1C35-40DC-9368-A985B69B2549}.Debug|x64.Build.0 = Debug|Any CPU
		{6176EA75-1C35-40DC-9368-A985B69B2549}.Debug|x86.ActiveCfg = Debug|Any CPU
		{6176EA75-1C35-40DC-9368-A985B69B2549}.Debug|x86.Build.0 = Debug|Any CPU
		{6176EA75-1C35-40DC-9368-A985B69B2549}.Release|Any CPU.ActiveCfg = Release|Any CPU
		{6176EA75-1C35-40DC-9368-A985B69B2549}.Release|Any CPU.Build.0 = Release|Any CPU
		{6176EA75-1C35-40DC-9368-A985B69B2549}.Release|x64.ActiveCfg = Release|Any CPU
		{6176EA75-1C35-40DC-9368-A985B69B2549}.Release|x64.Build.0 = Release|Any CPU
		{6176EA75-1C35-40DC-9368-A985B69B2549}.Release|x86.ActiveCfg = Release|Any CPU
		{6176EA75-1C35-40DC-9368-A985B69B2549}.Release|x86.Build.0 = Release|Any CPU
		{9BD80169-DD32-45D3-935C-60FCF72269F8}.Debug|Any CPU.ActiveCfg = Debug|Any CPU
		{9BD80169-DD32-45D3-935C-60FCF72269F8}.Debug|Any CPU.Build.0 = Debug|Any CPU
		{9BD80169-DD32-45D3-935C-60FCF72269F8}.Debug|x64.ActiveCfg = Debug|Any CPU
		{9BD80169-DD32-45D3-935C-60FCF72269F8}.Debug|x64.Build.0 = Debug|Any CPU
		{9BD80169-DD32-45D3-935C-60FCF72269F8}.Debug|x86.ActiveCfg = Debug|Any CPU
		{9BD80169-DD32-45D3-935C-60FCF72269F8}.Debug|x86.Build.0 = Debug|Any CPU
		{9BD80169-DD32-45D3-935C-60FCF72269F8}.Release|Any CPU.ActiveCfg = Release|Any CPU
		{9BD80169-DD32-45D3-935C-60FCF72269F8}.Release|Any CPU.Build.0 = Release|Any CPU
		{9BD80169-DD32-45D3-935C-60FCF72269F8}.Release|x64.ActiveCfg = Release|Any CPU
		{9BD80169-DD32-45D3-935C-60FCF72269F8}.Release|x64.Build.0 = Release|Any CPU
		{9BD80169-DD32-45D3-935C-60FCF72269F8}.Release|x86.ActiveCfg = Release|Any CPU
		{9BD80169-DD32-45D3-935C-60FCF72269F8}.Release|x86.Build.0 = Release|Any CPU
		{98C074F1-D9BE-47F8-BA93-21902B5A59AB}.Debug|Any CPU.ActiveCfg = Debug|Any CPU
		{98C074F1-D9BE-47F8-BA93-21902B5A59AB}.Debug|Any CPU.Build.0 = Debug|Any CPU
		{98C074F1-D9BE-47F8-BA93-21902B5A59AB}.Debug|x64.ActiveCfg = Debug|Any CPU
		{98C074F1-D9BE-47F8-BA93-21902B5A59AB}.Debug|x64.Build.0 = Debug|Any CPU
		{98C074F1-D9BE-47F8-BA93-21902B5A59AB}.Debug|x86.ActiveCfg = Debug|Any CPU
		{98C074F1-D9BE-47F8-BA93-21902B5A59AB}.Debug|x86.Build.0 = Debug|Any CPU
		{98C074F1-D9BE-47F8-BA93-21902B5A59AB}.Release|Any CPU.ActiveCfg = Release|Any CPU
		{98C074F1-D9BE-47F8-BA93-21902B5A59AB}.Release|Any CPU.Build.0 = Release|Any CPU
		{98C074F1-D9BE-47F8-BA93-21902B5A59AB}.Release|x64.ActiveCfg = Release|Any CPU
		{98C074F1-D9BE-47F8-BA93-21902B5A59AB}.Release|x64.Build.0 = Release|Any CPU
		{98C074F1-D9BE-47F8-BA93-21902B5A59AB}.Release|x86.ActiveCfg = Release|Any CPU
		{98C074F1-D9BE-47F8-BA93-21902B5A59AB}.Release|x86.Build.0 = Release|Any CPU
		{75F35C6A-7A63-4323-B95F-B411110B9773}.Debug|Any CPU.ActiveCfg = Debug|Any CPU
		{75F35C6A-7A63-4323-B95F-B411110B9773}.Debug|Any CPU.Build.0 = Debug|Any CPU
		{75F35C6A-7A63-4323-B95F-B411110B9773}.Debug|x64.ActiveCfg = Debug|Any CPU
		{75F35C6A-7A63-4323-B95F-B411110B9773}.Debug|x64.Build.0 = Debug|Any CPU
		{75F35C6A-7A63-4323-B95F-B411110B9773}.Debug|x86.ActiveCfg = Debug|Any CPU
		{75F35C6A-7A63-4323-B95F-B411110B9773}.Debug|x86.Build.0 = Debug|Any CPU
		{75F35C6A-7A63-4323-B95F-B411110B9773}.Release|Any CPU.ActiveCfg = Release|Any CPU
		{75F35C6A-7A63-4323-B95F-B411110B9773}.Release|Any CPU.Build.0 = Release|Any CPU
		{75F35C6A-7A63-4323-B95F-B411110B9773}.Release|x64.ActiveCfg = Release|Any CPU
		{75F35C6A-7A63-4323-B95F-B411110B9773}.Release|x64.Build.0 = Release|Any CPU
		{75F35C6A-7A63-4323-B95F-B411110B9773}.Release|x86.ActiveCfg = Release|Any CPU
		{75F35C6A-7A63-4323-B95F-B411110B9773}.Release|x86.Build.0 = Release|Any CPU
		{E6CF6593-B57E-44A1-9FFE-EA9BD846891D}.Debug|Any CPU.ActiveCfg = Debug|Any CPU
		{E6CF6593-B57E-44A1-9FFE-EA9BD846891D}.Debug|Any CPU.Build.0 = Debug|Any CPU
		{E6CF6593-B57E-44A1-9FFE-EA9BD846891D}.Debug|x64.ActiveCfg = Debug|Any CPU
		{E6CF6593-B57E-44A1-9FFE-EA9BD846891D}.Debug|x64.Build.0 = Debug|Any CPU
		{E6CF6593-B57E-44A1-9FFE-EA9BD846891D}.Debug|x86.ActiveCfg = Debug|Any CPU
		{E6CF6593-B57E-44A1-9FFE-EA9BD846891D}.Debug|x86.Build.0 = Debug|Any CPU
		{E6CF6593-B57E-44A1-9FFE-EA9BD846891D}.Release|Any CPU.ActiveCfg = Release|Any CPU
		{E6CF6593-B57E-44A1-9FFE-EA9BD846891D}.Release|Any CPU.Build.0 = Release|Any CPU
		{E6CF6593-B57E-44A1-9FFE-EA9BD846891D}.Release|x64.ActiveCfg = Release|Any CPU
		{E6CF6593-B57E-44A1-9FFE-EA9BD846891D}.Release|x64.Build.0 = Release|Any CPU
		{E6CF6593-B57E-44A1-9FFE-EA9BD846891D}.Release|x86.ActiveCfg = Release|Any CPU
		{E6CF6593-B57E-44A1-9FFE-EA9BD846891D}.Release|x86.Build.0 = Release|Any CPU
		{F51F07A4-5407-4971-9C2E-1BF13376A4F4}.Debug|Any CPU.ActiveCfg = Debug|Any CPU
		{F51F07A4-5407-4971-9C2E-1BF13376A4F4}.Debug|Any CPU.Build.0 = Debug|Any CPU
		{F51F07A4-5407-4971-9C2E-1BF13376A4F4}.Debug|x64.ActiveCfg = Debug|Any CPU
		{F51F07A4-5407-4971-9C2E-1BF13376A4F4}.Debug|x64.Build.0 = Debug|Any CPU
		{F51F07A4-5407-4971-9C2E-1BF13376A4F4}.Debug|x86.ActiveCfg = Debug|Any CPU
		{F51F07A4-5407-4971-9C2E-1BF13376A4F4}.Debug|x86.Build.0 = Debug|Any CPU
		{F51F07A4-5407-4971-9C2E-1BF13376A4F4}.Release|Any CPU.ActiveCfg = Release|Any CPU
		{F51F07A4-5407-4971-9C2E-1BF13376A4F4}.Release|Any CPU.Build.0 = Release|Any CPU
		{F51F07A4-5407-4971-9C2E-1BF13376A4F4}.Release|x64.ActiveCfg = Release|Any CPU
		{F51F07A4-5407-4971-9C2E-1BF13376A4F4}.Release|x64.Build.0 = Release|Any CPU
		{F51F07A4-5407-4971-9C2E-1BF13376A4F4}.Release|x86.ActiveCfg = Release|Any CPU
		{F51F07A4-5407-4971-9C2E-1BF13376A4F4}.Release|x86.Build.0 = Release|Any CPU
		{B5237530-1316-4E37-98DB-3D09453BB48A}.Debug|Any CPU.ActiveCfg = Debug|Any CPU
		{B5237530-1316-4E37-98DB-3D09453BB48A}.Debug|Any CPU.Build.0 = Debug|Any CPU
		{B5237530-1316-4E37-98DB-3D09453BB48A}.Debug|x64.ActiveCfg = Debug|Any CPU
		{B5237530-1316-4E37-98DB-3D09453BB48A}.Debug|x64.Build.0 = Debug|Any CPU
		{B5237530-1316-4E37-98DB-3D09453BB48A}.Debug|x86.ActiveCfg = Debug|Any CPU
		{B5237530-1316-4E37-98DB-3D09453BB48A}.Debug|x86.Build.0 = Debug|Any CPU
		{B5237530-1316-4E37-98DB-3D09453BB48A}.Release|Any CPU.ActiveCfg = Release|Any CPU
		{B5237530-1316-4E37-98DB-3D09453BB48A}.Release|Any CPU.Build.0 = Release|Any CPU
		{B5237530-1316-4E37-98DB-3D09453BB48A}.Release|x64.ActiveCfg = Release|Any CPU
		{B5237530-1316-4E37-98DB-3D09453BB48A}.Release|x64.Build.0 = Release|Any CPU
		{B5237530-1316-4E37-98DB-3D09453BB48A}.Release|x86.ActiveCfg = Release|Any CPU
		{B5237530-1316-4E37-98DB-3D09453BB48A}.Release|x86.Build.0 = Release|Any CPU
		{039BF198-CDB0-473E-979F-CF86FC5DECD9}.Debug|Any CPU.ActiveCfg = Debug|Any CPU
		{039BF198-CDB0-473E-979F-CF86FC5DECD9}.Debug|Any CPU.Build.0 = Debug|Any CPU
		{039BF198-CDB0-473E-979F-CF86FC5DECD9}.Debug|x64.ActiveCfg = Debug|Any CPU
		{039BF198-CDB0-473E-979F-CF86FC5DECD9}.Debug|x64.Build.0 = Debug|Any CPU
		{039BF198-CDB0-473E-979F-CF86FC5DECD9}.Debug|x86.ActiveCfg = Debug|Any CPU
		{039BF198-CDB0-473E-979F-CF86FC5DECD9}.Debug|x86.Build.0 = Debug|Any CPU
		{039BF198-CDB0-473E-979F-CF86FC5DECD9}.Release|Any CPU.ActiveCfg = Release|Any CPU
		{039BF198-CDB0-473E-979F-CF86FC5DECD9}.Release|Any CPU.Build.0 = Release|Any CPU
		{039BF198-CDB0-473E-979F-CF86FC5DECD9}.Release|x64.ActiveCfg = Release|Any CPU
		{039BF198-CDB0-473E-979F-CF86FC5DECD9}.Release|x64.Build.0 = Release|Any CPU
		{039BF198-CDB0-473E-979F-CF86FC5DECD9}.Release|x86.ActiveCfg = Release|Any CPU
		{039BF198-CDB0-473E-979F-CF86FC5DECD9}.Release|x86.Build.0 = Release|Any CPU
		{29109165-93D5-4EE1-8ABB-A4D36EF11958}.Debug|Any CPU.ActiveCfg = Debug|Any CPU
		{29109165-93D5-4EE1-8ABB-A4D36EF11958}.Debug|Any CPU.Build.0 = Debug|Any CPU
		{29109165-93D5-4EE1-8ABB-A4D36EF11958}.Debug|x64.ActiveCfg = Debug|Any CPU
		{29109165-93D5-4EE1-8ABB-A4D36EF11958}.Debug|x64.Build.0 = Debug|Any CPU
		{29109165-93D5-4EE1-8ABB-A4D36EF11958}.Debug|x86.ActiveCfg = Debug|Any CPU
		{29109165-93D5-4EE1-8ABB-A4D36EF11958}.Debug|x86.Build.0 = Debug|Any CPU
		{29109165-93D5-4EE1-8ABB-A4D36EF11958}.Release|Any CPU.ActiveCfg = Release|Any CPU
		{29109165-93D5-4EE1-8ABB-A4D36EF11958}.Release|Any CPU.Build.0 = Release|Any CPU
		{29109165-93D5-4EE1-8ABB-A4D36EF11958}.Release|x64.ActiveCfg = Release|Any CPU
		{29109165-93D5-4EE1-8ABB-A4D36EF11958}.Release|x64.Build.0 = Release|Any CPU
		{29109165-93D5-4EE1-8ABB-A4D36EF11958}.Release|x86.ActiveCfg = Release|Any CPU
		{29109165-93D5-4EE1-8ABB-A4D36EF11958}.Release|x86.Build.0 = Release|Any CPU
		{432D24F7-5D9D-4CE1-963C-E18B994ADE31}.Debug|Any CPU.ActiveCfg = Debug|Any CPU
		{432D24F7-5D9D-4CE1-963C-E18B994ADE31}.Debug|Any CPU.Build.0 = Debug|Any CPU
		{432D24F7-5D9D-4CE1-963C-E18B994ADE31}.Debug|x64.ActiveCfg = Debug|Any CPU
		{432D24F7-5D9D-4CE1-963C-E18B994ADE31}.Debug|x64.Build.0 = Debug|Any CPU
		{432D24F7-5D9D-4CE1-963C-E18B994ADE31}.Debug|x86.ActiveCfg = Debug|Any CPU
		{432D24F7-5D9D-4CE1-963C-E18B994ADE31}.Debug|x86.Build.0 = Debug|Any CPU
		{432D24F7-5D9D-4CE1-963C-E18B994ADE31}.Release|Any CPU.ActiveCfg = Release|Any CPU
		{432D24F7-5D9D-4CE1-963C-E18B994ADE31}.Release|Any CPU.Build.0 = Release|Any CPU
		{432D24F7-5D9D-4CE1-963C-E18B994ADE31}.Release|x64.ActiveCfg = Release|Any CPU
		{432D24F7-5D9D-4CE1-963C-E18B994ADE31}.Release|x64.Build.0 = Release|Any CPU
		{432D24F7-5D9D-4CE1-963C-E18B994ADE31}.Release|x86.ActiveCfg = Release|Any CPU
		{432D24F7-5D9D-4CE1-963C-E18B994ADE31}.Release|x86.Build.0 = Release|Any CPU
		{E906DDAD-C0DA-4EE7-8B79-4ED5F1495079}.Debug|Any CPU.ActiveCfg = Debug|Any CPU
		{E906DDAD-C0DA-4EE7-8B79-4ED5F1495079}.Debug|Any CPU.Build.0 = Debug|Any CPU
		{E906DDAD-C0DA-4EE7-8B79-4ED5F1495079}.Debug|x64.ActiveCfg = Debug|Any CPU
		{E906DDAD-C0DA-4EE7-8B79-4ED5F1495079}.Debug|x64.Build.0 = Debug|Any CPU
		{E906DDAD-C0DA-4EE7-8B79-4ED5F1495079}.Debug|x86.ActiveCfg = Debug|Any CPU
		{E906DDAD-C0DA-4EE7-8B79-4ED5F1495079}.Debug|x86.Build.0 = Debug|Any CPU
		{E906DDAD-C0DA-4EE7-8B79-4ED5F1495079}.Release|Any CPU.ActiveCfg = Release|Any CPU
		{E906DDAD-C0DA-4EE7-8B79-4ED5F1495079}.Release|Any CPU.Build.0 = Release|Any CPU
		{E906DDAD-C0DA-4EE7-8B79-4ED5F1495079}.Release|x64.ActiveCfg = Release|Any CPU
		{E906DDAD-C0DA-4EE7-8B79-4ED5F1495079}.Release|x64.Build.0 = Release|Any CPU
		{E906DDAD-C0DA-4EE7-8B79-4ED5F1495079}.Release|x86.ActiveCfg = Release|Any CPU
		{E906DDAD-C0DA-4EE7-8B79-4ED5F1495079}.Release|x86.Build.0 = Release|Any CPU
		{F9ABF1E1-F617-46FE-BA65-E1A2B079988D}.Debug|Any CPU.ActiveCfg = Debug|Any CPU
		{F9ABF1E1-F617-46FE-BA65-E1A2B079988D}.Debug|Any CPU.Build.0 = Debug|Any CPU
		{F9ABF1E1-F617-46FE-BA65-E1A2B079988D}.Debug|x64.ActiveCfg = Debug|Any CPU
		{F9ABF1E1-F617-46FE-BA65-E1A2B079988D}.Debug|x64.Build.0 = Debug|Any CPU
		{F9ABF1E1-F617-46FE-BA65-E1A2B079988D}.Debug|x86.ActiveCfg = Debug|Any CPU
		{F9ABF1E1-F617-46FE-BA65-E1A2B079988D}.Debug|x86.Build.0 = Debug|Any CPU
		{F9ABF1E1-F617-46FE-BA65-E1A2B079988D}.Release|Any CPU.ActiveCfg = Release|Any CPU
		{F9ABF1E1-F617-46FE-BA65-E1A2B079988D}.Release|Any CPU.Build.0 = Release|Any CPU
		{F9ABF1E1-F617-46FE-BA65-E1A2B079988D}.Release|x64.ActiveCfg = Release|Any CPU
		{F9ABF1E1-F617-46FE-BA65-E1A2B079988D}.Release|x64.Build.0 = Release|Any CPU
		{F9ABF1E1-F617-46FE-BA65-E1A2B079988D}.Release|x86.ActiveCfg = Release|Any CPU
		{F9ABF1E1-F617-46FE-BA65-E1A2B079988D}.Release|x86.Build.0 = Release|Any CPU
		{49F7D2F4-F7F4-4FFD-B01F-798F1C98CB9F}.Debug|Any CPU.ActiveCfg = Debug|Any CPU
		{49F7D2F4-F7F4-4FFD-B01F-798F1C98CB9F}.Debug|Any CPU.Build.0 = Debug|Any CPU
		{49F7D2F4-F7F4-4FFD-B01F-798F1C98CB9F}.Debug|x64.ActiveCfg = Debug|Any CPU
		{49F7D2F4-F7F4-4FFD-B01F-798F1C98CB9F}.Debug|x64.Build.0 = Debug|Any CPU
		{49F7D2F4-F7F4-4FFD-B01F-798F1C98CB9F}.Debug|x86.ActiveCfg = Debug|Any CPU
		{49F7D2F4-F7F4-4FFD-B01F-798F1C98CB9F}.Debug|x86.Build.0 = Debug|Any CPU
		{49F7D2F4-F7F4-4FFD-B01F-798F1C98CB9F}.Release|Any CPU.ActiveCfg = Release|Any CPU
		{49F7D2F4-F7F4-4FFD-B01F-798F1C98CB9F}.Release|Any CPU.Build.0 = Release|Any CPU
		{49F7D2F4-F7F4-4FFD-B01F-798F1C98CB9F}.Release|x64.ActiveCfg = Release|Any CPU
		{49F7D2F4-F7F4-4FFD-B01F-798F1C98CB9F}.Release|x64.Build.0 = Release|Any CPU
		{49F7D2F4-F7F4-4FFD-B01F-798F1C98CB9F}.Release|x86.ActiveCfg = Release|Any CPU
		{49F7D2F4-F7F4-4FFD-B01F-798F1C98CB9F}.Release|x86.Build.0 = Release|Any CPU
		{8FE9ED70-4851-48C3-9DC3-CE2ABB9F5ECA}.Debug|Any CPU.ActiveCfg = Debug|Any CPU
		{8FE9ED70-4851-48C3-9DC3-CE2ABB9F5ECA}.Debug|Any CPU.Build.0 = Debug|Any CPU
		{8FE9ED70-4851-48C3-9DC3-CE2ABB9F5ECA}.Debug|x64.ActiveCfg = Debug|Any CPU
		{8FE9ED70-4851-48C3-9DC3-CE2ABB9F5ECA}.Debug|x64.Build.0 = Debug|Any CPU
		{8FE9ED70-4851-48C3-9DC3-CE2ABB9F5ECA}.Debug|x86.ActiveCfg = Debug|Any CPU
		{8FE9ED70-4851-48C3-9DC3-CE2ABB9F5ECA}.Debug|x86.Build.0 = Debug|Any CPU
		{8FE9ED70-4851-48C3-9DC3-CE2ABB9F5ECA}.Release|Any CPU.ActiveCfg = Release|Any CPU
		{8FE9ED70-4851-48C3-9DC3-CE2ABB9F5ECA}.Release|Any CPU.Build.0 = Release|Any CPU
		{8FE9ED70-4851-48C3-9DC3-CE2ABB9F5ECA}.Release|x64.ActiveCfg = Release|Any CPU
		{8FE9ED70-4851-48C3-9DC3-CE2ABB9F5ECA}.Release|x64.Build.0 = Release|Any CPU
		{8FE9ED70-4851-48C3-9DC3-CE2ABB9F5ECA}.Release|x86.ActiveCfg = Release|Any CPU
		{8FE9ED70-4851-48C3-9DC3-CE2ABB9F5ECA}.Release|x86.Build.0 = Release|Any CPU
		{587FC931-34DD-4E04-9664-C4E2F096EA0E}.Debug|Any CPU.ActiveCfg = Debug|Any CPU
		{587FC931-34DD-4E04-9664-C4E2F096EA0E}.Debug|Any CPU.Build.0 = Debug|Any CPU
		{587FC931-34DD-4E04-9664-C4E2F096EA0E}.Debug|x64.ActiveCfg = Debug|Any CPU
		{587FC931-34DD-4E04-9664-C4E2F096EA0E}.Debug|x64.Build.0 = Debug|Any CPU
		{587FC931-34DD-4E04-9664-C4E2F096EA0E}.Debug|x86.ActiveCfg = Debug|Any CPU
		{587FC931-34DD-4E04-9664-C4E2F096EA0E}.Debug|x86.Build.0 = Debug|Any CPU
		{587FC931-34DD-4E04-9664-C4E2F096EA0E}.Release|Any CPU.ActiveCfg = Release|Any CPU
		{587FC931-34DD-4E04-9664-C4E2F096EA0E}.Release|Any CPU.Build.0 = Release|Any CPU
		{587FC931-34DD-4E04-9664-C4E2F096EA0E}.Release|x64.ActiveCfg = Release|Any CPU
		{587FC931-34DD-4E04-9664-C4E2F096EA0E}.Release|x64.Build.0 = Release|Any CPU
		{587FC931-34DD-4E04-9664-C4E2F096EA0E}.Release|x86.ActiveCfg = Release|Any CPU
		{587FC931-34DD-4E04-9664-C4E2F096EA0E}.Release|x86.Build.0 = Release|Any CPU
		{A8125187-C728-4E8F-AA35-378BBB5561B9}.Debug|Any CPU.ActiveCfg = Debug|Any CPU
		{A8125187-C728-4E8F-AA35-378BBB5561B9}.Debug|Any CPU.Build.0 = Debug|Any CPU
		{A8125187-C728-4E8F-AA35-378BBB5561B9}.Debug|x64.ActiveCfg = Debug|Any CPU
		{A8125187-C728-4E8F-AA35-378BBB5561B9}.Debug|x64.Build.0 = Debug|Any CPU
		{A8125187-C728-4E8F-AA35-378BBB5561B9}.Debug|x86.ActiveCfg = Debug|Any CPU
		{A8125187-C728-4E8F-AA35-378BBB5561B9}.Debug|x86.Build.0 = Debug|Any CPU
		{A8125187-C728-4E8F-AA35-378BBB5561B9}.Release|Any CPU.ActiveCfg = Release|Any CPU
		{A8125187-C728-4E8F-AA35-378BBB5561B9}.Release|Any CPU.Build.0 = Release|Any CPU
		{A8125187-C728-4E8F-AA35-378BBB5561B9}.Release|x64.ActiveCfg = Release|Any CPU
		{A8125187-C728-4E8F-AA35-378BBB5561B9}.Release|x64.Build.0 = Release|Any CPU
		{A8125187-C728-4E8F-AA35-378BBB5561B9}.Release|x86.ActiveCfg = Release|Any CPU
		{A8125187-C728-4E8F-AA35-378BBB5561B9}.Release|x86.Build.0 = Release|Any CPU
		{4921E100-A7DF-4ADE-8369-4981511360F5}.Debug|Any CPU.ActiveCfg = Debug|Any CPU
		{4921E100-A7DF-4ADE-8369-4981511360F5}.Debug|Any CPU.Build.0 = Debug|Any CPU
		{4921E100-A7DF-4ADE-8369-4981511360F5}.Debug|x64.ActiveCfg = Debug|Any CPU
		{4921E100-A7DF-4ADE-8369-4981511360F5}.Debug|x64.Build.0 = Debug|Any CPU
		{4921E100-A7DF-4ADE-8369-4981511360F5}.Debug|x86.ActiveCfg = Debug|Any CPU
		{4921E100-A7DF-4ADE-8369-4981511360F5}.Debug|x86.Build.0 = Debug|Any CPU
		{4921E100-A7DF-4ADE-8369-4981511360F5}.Release|Any CPU.ActiveCfg = Release|Any CPU
		{4921E100-A7DF-4ADE-8369-4981511360F5}.Release|Any CPU.Build.0 = Release|Any CPU
		{4921E100-A7DF-4ADE-8369-4981511360F5}.Release|x64.ActiveCfg = Release|Any CPU
		{4921E100-A7DF-4ADE-8369-4981511360F5}.Release|x64.Build.0 = Release|Any CPU
		{4921E100-A7DF-4ADE-8369-4981511360F5}.Release|x86.ActiveCfg = Release|Any CPU
		{4921E100-A7DF-4ADE-8369-4981511360F5}.Release|x86.Build.0 = Release|Any CPU
		{2F3E53F5-7B55-41D5-9DB8-2770CE7EFFF2}.Debug|Any CPU.ActiveCfg = Debug|Any CPU
		{2F3E53F5-7B55-41D5-9DB8-2770CE7EFFF2}.Debug|Any CPU.Build.0 = Debug|Any CPU
		{2F3E53F5-7B55-41D5-9DB8-2770CE7EFFF2}.Debug|x64.ActiveCfg = Debug|Any CPU
		{2F3E53F5-7B55-41D5-9DB8-2770CE7EFFF2}.Debug|x64.Build.0 = Debug|Any CPU
		{2F3E53F5-7B55-41D5-9DB8-2770CE7EFFF2}.Debug|x86.ActiveCfg = Debug|Any CPU
		{2F3E53F5-7B55-41D5-9DB8-2770CE7EFFF2}.Debug|x86.Build.0 = Debug|Any CPU
		{2F3E53F5-7B55-41D5-9DB8-2770CE7EFFF2}.Release|Any CPU.ActiveCfg = Release|Any CPU
		{2F3E53F5-7B55-41D5-9DB8-2770CE7EFFF2}.Release|Any CPU.Build.0 = Release|Any CPU
		{2F3E53F5-7B55-41D5-9DB8-2770CE7EFFF2}.Release|x64.ActiveCfg = Release|Any CPU
		{2F3E53F5-7B55-41D5-9DB8-2770CE7EFFF2}.Release|x64.Build.0 = Release|Any CPU
		{2F3E53F5-7B55-41D5-9DB8-2770CE7EFFF2}.Release|x86.ActiveCfg = Release|Any CPU
		{2F3E53F5-7B55-41D5-9DB8-2770CE7EFFF2}.Release|x86.Build.0 = Release|Any CPU
		{1B62C247-32A5-4BA0-93C5-A6018FD38A75}.Debug|Any CPU.ActiveCfg = Debug|Any CPU
		{1B62C247-32A5-4BA0-93C5-A6018FD38A75}.Debug|Any CPU.Build.0 = Debug|Any CPU
		{1B62C247-32A5-4BA0-93C5-A6018FD38A75}.Debug|x64.ActiveCfg = Debug|Any CPU
		{1B62C247-32A5-4BA0-93C5-A6018FD38A75}.Debug|x64.Build.0 = Debug|Any CPU
		{1B62C247-32A5-4BA0-93C5-A6018FD38A75}.Debug|x86.ActiveCfg = Debug|Any CPU
		{1B62C247-32A5-4BA0-93C5-A6018FD38A75}.Debug|x86.Build.0 = Debug|Any CPU
		{1B62C247-32A5-4BA0-93C5-A6018FD38A75}.Release|Any CPU.ActiveCfg = Release|Any CPU
		{1B62C247-32A5-4BA0-93C5-A6018FD38A75}.Release|Any CPU.Build.0 = Release|Any CPU
		{1B62C247-32A5-4BA0-93C5-A6018FD38A75}.Release|x64.ActiveCfg = Release|Any CPU
		{1B62C247-32A5-4BA0-93C5-A6018FD38A75}.Release|x64.Build.0 = Release|Any CPU
		{1B62C247-32A5-4BA0-93C5-A6018FD38A75}.Release|x86.ActiveCfg = Release|Any CPU
		{1B62C247-32A5-4BA0-93C5-A6018FD38A75}.Release|x86.Build.0 = Release|Any CPU
		{93B9E6D3-EE2B-48DE-83BD-55EF36CD0BBA}.Debug|Any CPU.ActiveCfg = Debug|Any CPU
		{93B9E6D3-EE2B-48DE-83BD-55EF36CD0BBA}.Debug|Any CPU.Build.0 = Debug|Any CPU
		{93B9E6D3-EE2B-48DE-83BD-55EF36CD0BBA}.Debug|x64.ActiveCfg = Debug|Any CPU
		{93B9E6D3-EE2B-48DE-83BD-55EF36CD0BBA}.Debug|x64.Build.0 = Debug|Any CPU
		{93B9E6D3-EE2B-48DE-83BD-55EF36CD0BBA}.Debug|x86.ActiveCfg = Debug|Any CPU
		{93B9E6D3-EE2B-48DE-83BD-55EF36CD0BBA}.Debug|x86.Build.0 = Debug|Any CPU
		{93B9E6D3-EE2B-48DE-83BD-55EF36CD0BBA}.Release|Any CPU.ActiveCfg = Release|Any CPU
		{93B9E6D3-EE2B-48DE-83BD-55EF36CD0BBA}.Release|Any CPU.Build.0 = Release|Any CPU
		{93B9E6D3-EE2B-48DE-83BD-55EF36CD0BBA}.Release|x64.ActiveCfg = Release|Any CPU
		{93B9E6D3-EE2B-48DE-83BD-55EF36CD0BBA}.Release|x64.Build.0 = Release|Any CPU
		{93B9E6D3-EE2B-48DE-83BD-55EF36CD0BBA}.Release|x86.ActiveCfg = Release|Any CPU
		{93B9E6D3-EE2B-48DE-83BD-55EF36CD0BBA}.Release|x86.Build.0 = Release|Any CPU
		{5BBF4CEA-A1CB-4D9C-9712-4E013141C55E}.Debug|Any CPU.ActiveCfg = Debug|Any CPU
		{5BBF4CEA-A1CB-4D9C-9712-4E013141C55E}.Debug|Any CPU.Build.0 = Debug|Any CPU
		{5BBF4CEA-A1CB-4D9C-9712-4E013141C55E}.Debug|x64.ActiveCfg = Debug|Any CPU
		{5BBF4CEA-A1CB-4D9C-9712-4E013141C55E}.Debug|x64.Build.0 = Debug|Any CPU
		{5BBF4CEA-A1CB-4D9C-9712-4E013141C55E}.Debug|x86.ActiveCfg = Debug|Any CPU
		{5BBF4CEA-A1CB-4D9C-9712-4E013141C55E}.Debug|x86.Build.0 = Debug|Any CPU
		{5BBF4CEA-A1CB-4D9C-9712-4E013141C55E}.Release|Any CPU.ActiveCfg = Release|Any CPU
		{5BBF4CEA-A1CB-4D9C-9712-4E013141C55E}.Release|Any CPU.Build.0 = Release|Any CPU
		{5BBF4CEA-A1CB-4D9C-9712-4E013141C55E}.Release|x64.ActiveCfg = Release|Any CPU
		{5BBF4CEA-A1CB-4D9C-9712-4E013141C55E}.Release|x64.Build.0 = Release|Any CPU
		{5BBF4CEA-A1CB-4D9C-9712-4E013141C55E}.Release|x86.ActiveCfg = Release|Any CPU
		{5BBF4CEA-A1CB-4D9C-9712-4E013141C55E}.Release|x86.Build.0 = Release|Any CPU
		{6FD3288F-F2B3-4CCF-A3CA-9C89F52BFC11}.Debug|Any CPU.ActiveCfg = Debug|Any CPU
		{6FD3288F-F2B3-4CCF-A3CA-9C89F52BFC11}.Debug|Any CPU.Build.0 = Debug|Any CPU
		{6FD3288F-F2B3-4CCF-A3CA-9C89F52BFC11}.Debug|x64.ActiveCfg = Debug|Any CPU
		{6FD3288F-F2B3-4CCF-A3CA-9C89F52BFC11}.Debug|x64.Build.0 = Debug|Any CPU
		{6FD3288F-F2B3-4CCF-A3CA-9C89F52BFC11}.Debug|x86.ActiveCfg = Debug|Any CPU
		{6FD3288F-F2B3-4CCF-A3CA-9C89F52BFC11}.Debug|x86.Build.0 = Debug|Any CPU
		{6FD3288F-F2B3-4CCF-A3CA-9C89F52BFC11}.Release|Any CPU.ActiveCfg = Release|Any CPU
		{6FD3288F-F2B3-4CCF-A3CA-9C89F52BFC11}.Release|Any CPU.Build.0 = Release|Any CPU
		{6FD3288F-F2B3-4CCF-A3CA-9C89F52BFC11}.Release|x64.ActiveCfg = Release|Any CPU
		{6FD3288F-F2B3-4CCF-A3CA-9C89F52BFC11}.Release|x64.Build.0 = Release|Any CPU
		{6FD3288F-F2B3-4CCF-A3CA-9C89F52BFC11}.Release|x86.ActiveCfg = Release|Any CPU
		{6FD3288F-F2B3-4CCF-A3CA-9C89F52BFC11}.Release|x86.Build.0 = Release|Any CPU
		{50FFE0C2-C58A-44C0-8789-1411BF58A904}.Debug|Any CPU.ActiveCfg = Debug|Any CPU
		{50FFE0C2-C58A-44C0-8789-1411BF58A904}.Debug|Any CPU.Build.0 = Debug|Any CPU
		{50FFE0C2-C58A-44C0-8789-1411BF58A904}.Debug|x64.ActiveCfg = Debug|Any CPU
		{50FFE0C2-C58A-44C0-8789-1411BF58A904}.Debug|x64.Build.0 = Debug|Any CPU
		{50FFE0C2-C58A-44C0-8789-1411BF58A904}.Debug|x86.ActiveCfg = Debug|Any CPU
		{50FFE0C2-C58A-44C0-8789-1411BF58A904}.Debug|x86.Build.0 = Debug|Any CPU
		{50FFE0C2-C58A-44C0-8789-1411BF58A904}.Release|Any CPU.ActiveCfg = Release|Any CPU
		{50FFE0C2-C58A-44C0-8789-1411BF58A904}.Release|Any CPU.Build.0 = Release|Any CPU
		{50FFE0C2-C58A-44C0-8789-1411BF58A904}.Release|x64.ActiveCfg = Release|Any CPU
		{50FFE0C2-C58A-44C0-8789-1411BF58A904}.Release|x64.Build.0 = Release|Any CPU
		{50FFE0C2-C58A-44C0-8789-1411BF58A904}.Release|x86.ActiveCfg = Release|Any CPU
		{50FFE0C2-C58A-44C0-8789-1411BF58A904}.Release|x86.Build.0 = Release|Any CPU
		{CB0FCBDB-1168-4513-A7B7-BAC6F08F14D8}.Debug|Any CPU.ActiveCfg = Debug|Any CPU
		{CB0FCBDB-1168-4513-A7B7-BAC6F08F14D8}.Debug|Any CPU.Build.0 = Debug|Any CPU
		{CB0FCBDB-1168-4513-A7B7-BAC6F08F14D8}.Debug|x64.ActiveCfg = Debug|Any CPU
		{CB0FCBDB-1168-4513-A7B7-BAC6F08F14D8}.Debug|x64.Build.0 = Debug|Any CPU
		{CB0FCBDB-1168-4513-A7B7-BAC6F08F14D8}.Debug|x86.ActiveCfg = Debug|Any CPU
		{CB0FCBDB-1168-4513-A7B7-BAC6F08F14D8}.Debug|x86.Build.0 = Debug|Any CPU
		{CB0FCBDB-1168-4513-A7B7-BAC6F08F14D8}.Release|Any CPU.ActiveCfg = Release|Any CPU
		{CB0FCBDB-1168-4513-A7B7-BAC6F08F14D8}.Release|Any CPU.Build.0 = Release|Any CPU
		{CB0FCBDB-1168-4513-A7B7-BAC6F08F14D8}.Release|x64.ActiveCfg = Release|Any CPU
		{CB0FCBDB-1168-4513-A7B7-BAC6F08F14D8}.Release|x64.Build.0 = Release|Any CPU
		{CB0FCBDB-1168-4513-A7B7-BAC6F08F14D8}.Release|x86.ActiveCfg = Release|Any CPU
		{CB0FCBDB-1168-4513-A7B7-BAC6F08F14D8}.Release|x86.Build.0 = Release|Any CPU
		{13C6CD8E-ACF9-46BF-8B8B-F322D6E73D66}.Debug|Any CPU.ActiveCfg = Debug|Any CPU
		{13C6CD8E-ACF9-46BF-8B8B-F322D6E73D66}.Debug|Any CPU.Build.0 = Debug|Any CPU
		{13C6CD8E-ACF9-46BF-8B8B-F322D6E73D66}.Debug|x64.ActiveCfg = Debug|Any CPU
		{13C6CD8E-ACF9-46BF-8B8B-F322D6E73D66}.Debug|x64.Build.0 = Debug|Any CPU
		{13C6CD8E-ACF9-46BF-8B8B-F322D6E73D66}.Debug|x86.ActiveCfg = Debug|Any CPU
		{13C6CD8E-ACF9-46BF-8B8B-F322D6E73D66}.Debug|x86.Build.0 = Debug|Any CPU
		{13C6CD8E-ACF9-46BF-8B8B-F322D6E73D66}.Release|Any CPU.ActiveCfg = Release|Any CPU
		{13C6CD8E-ACF9-46BF-8B8B-F322D6E73D66}.Release|Any CPU.Build.0 = Release|Any CPU
		{13C6CD8E-ACF9-46BF-8B8B-F322D6E73D66}.Release|x64.ActiveCfg = Release|Any CPU
		{13C6CD8E-ACF9-46BF-8B8B-F322D6E73D66}.Release|x64.Build.0 = Release|Any CPU
		{13C6CD8E-ACF9-46BF-8B8B-F322D6E73D66}.Release|x86.ActiveCfg = Release|Any CPU
		{13C6CD8E-ACF9-46BF-8B8B-F322D6E73D66}.Release|x86.Build.0 = Release|Any CPU
		{90D05C48-EFBA-4613-ABBD-EB88352C33F5}.Debug|Any CPU.ActiveCfg = Debug|Any CPU
		{90D05C48-EFBA-4613-ABBD-EB88352C33F5}.Debug|Any CPU.Build.0 = Debug|Any CPU
		{90D05C48-EFBA-4613-ABBD-EB88352C33F5}.Debug|x64.ActiveCfg = Debug|Any CPU
		{90D05C48-EFBA-4613-ABBD-EB88352C33F5}.Debug|x64.Build.0 = Debug|Any CPU
		{90D05C48-EFBA-4613-ABBD-EB88352C33F5}.Debug|x86.ActiveCfg = Debug|Any CPU
		{90D05C48-EFBA-4613-ABBD-EB88352C33F5}.Debug|x86.Build.0 = Debug|Any CPU
		{90D05C48-EFBA-4613-ABBD-EB88352C33F5}.Release|Any CPU.ActiveCfg = Release|Any CPU
		{90D05C48-EFBA-4613-ABBD-EB88352C33F5}.Release|Any CPU.Build.0 = Release|Any CPU
		{90D05C48-EFBA-4613-ABBD-EB88352C33F5}.Release|x64.ActiveCfg = Release|Any CPU
		{90D05C48-EFBA-4613-ABBD-EB88352C33F5}.Release|x64.Build.0 = Release|Any CPU
		{90D05C48-EFBA-4613-ABBD-EB88352C33F5}.Release|x86.ActiveCfg = Release|Any CPU
		{90D05C48-EFBA-4613-ABBD-EB88352C33F5}.Release|x86.Build.0 = Release|Any CPU
	EndGlobalSection
	GlobalSection(SolutionProperties) = preSolution
		HideSolutionNode = FALSE
	EndGlobalSection
	GlobalSection(NestedProjects) = preSolution
		{409DA59E-ED64-4351-AFE2-2C186BEC1441} = {058124A6-8314-FADE-A8B6-ED282575A508}
		{6176EA75-1C35-40DC-9368-A985B69B2549} = {058124A6-8314-FADE-A8B6-ED282575A508}
		{75F35C6A-7A63-4323-B95F-B411110B9773} = {E0A9933A-4B01-9ACF-C2B2-D45426B11F6E}
		{E6CF6593-B57E-44A1-9FFE-EA9BD846891D} = {E0A9933A-4B01-9ACF-C2B2-D45426B11F6E}
		{4C00459B-9F23-643E-2B70-6E5A9267EFEB} = {E0A9933A-4B01-9ACF-C2B2-D45426B11F6E}
		{F51F07A4-5407-4971-9C2E-1BF13376A4F4} = {4C00459B-9F23-643E-2B70-6E5A9267EFEB}
		{B5237530-1316-4E37-98DB-3D09453BB48A} = {4C00459B-9F23-643E-2B70-6E5A9267EFEB}
		{039BF198-CDB0-473E-979F-CF86FC5DECD9} = {4C00459B-9F23-643E-2B70-6E5A9267EFEB}
		{29109165-93D5-4EE1-8ABB-A4D36EF11958} = {E0A9933A-4B01-9ACF-C2B2-D45426B11F6E}
		{432D24F7-5D9D-4CE1-963C-E18B994ADE31} = {E0A9933A-4B01-9ACF-C2B2-D45426B11F6E}
	EndGlobalSection
EndGlobal
