
Microsoft Visual Studio Solution File, Format Version 12.00
# Visual Studio Version 17
VisualStudioVersion = 17.0.31903.59
MinimumVisualStudioVersion = 10.0.40219.1
Project("{FAE04EC0-301F-11D3-BF4B-00C04F79EFBC}") = "task01", "task01\task01.csproj", "{25C016B1-891F-4A11-BFFD-FB93D3E3286A}"
EndProject
Project("{FAE04EC0-301F-11D3-BF4B-00C04F79EFBC}") = "task01tests", "task01tests\task01tests.csproj", "{CD3EF20C-5920-44DE-9821-C9CF5A7666B8}"
EndProject
Project("{FAE04EC0-301F-11D3-BF4B-00C04F79EFBC}") = "task02", "task02\task02.csproj", "{C4DE36DE-2A47-4012-8D84-0DE9DD6BF50A}"
EndProject
Project("{FAE04EC0-301F-11D3-BF4B-00C04F79EFBC}") = "task02tests", "task02tests\task02tests.csproj", "{51DD7DF0-2E6A-4075-9FFC-1936AFE22C76}"
EndProject
Project("{FAE04EC0-301F-11D3-BF4B-00C04F79EFBC}") = "task03", "task03\task03.csproj", "{5F02DF85-0096-4BB8-AB63-108911638EF8}"
EndProject
Project("{FAE04EC0-301F-11D3-BF4B-00C04F79EFBC}") = "task03tests", "task03tests\task03tests.csproj", "{BE37BCE7-69E4-45DD-A3CE-976FBBA08B77}"
EndProject
Project("{FAE04EC0-301F-11D3-BF4B-00C04F79EFBC}") = "task04", "task04\task04.csproj", "{694597B2-1C5C-4B3D-A4EE-1AADF42A76A2}"
EndProject
Project("{FAE04EC0-301F-11D3-BF4B-00C04F79EFBC}") = "task04tests", "task04tests\task04tests.csproj", "{C9748ACC-5211-4E58-865E-ADA548A79366}"
EndProject
Project("{FAE04EC0-301F-11D3-BF4B-00C04F79EFBC}") = "task05", "task05\task05.csproj", "{00DE49CF-4946-42CB-A35A-E500FAE9460B}"
EndProject
Project("{FAE04EC0-301F-11D3-BF4B-00C04F79EFBC}") = "task05tests", "task05tests\task05tests.csproj", "{F3BA9EF9-53A0-4E30-BEA5-E13317ED3570}"
EndProject
Project("{FAE04EC0-301F-11D3-BF4B-00C04F79EFBC}") = "task07", "task07\task07.csproj", "{84CB8AC9-F47E-40F6-93D5-07F515BA2124}"
EndProject
Project("{FAE04EC0-301F-11D3-BF4B-00C04F79EFBC}") = "task07tests", "task07tests\task07tests.csproj", "{06669B71-4744-42BB-815F-1825E92F96FD}"
EndProject
Global
	GlobalSection(SolutionConfigurationPlatforms) = preSolution
		Debug|Any CPU = Debug|Any CPU
		Release|Any CPU = Release|Any CPU
	EndGlobalSection
	GlobalSection(SolutionProperties) = preSolution
		HideSolutionNode = FALSE
	EndGlobalSection
	GlobalSection(ProjectConfigurationPlatforms) = postSolution
		{25C016B1-891F-4A11-BFFD-FB93D3E3286A}.Debug|Any CPU.ActiveCfg = Debug|Any CPU
		{25C016B1-891F-4A11-BFFD-FB93D3E3286A}.Debug|Any CPU.Build.0 = Debug|Any CPU
		{25C016B1-891F-4A11-BFFD-FB93D3E3286A}.Release|Any CPU.ActiveCfg = Release|Any CPU
		{25C016B1-891F-4A11-BFFD-FB93D3E3286A}.Release|Any CPU.Build.0 = Release|Any CPU
		{CD3EF20C-5920-44DE-9821-C9CF5A7666B8}.Debug|Any CPU.ActiveCfg = Debug|Any CPU
		{CD3EF20C-5920-44DE-9821-C9CF5A7666B8}.Debug|Any CPU.Build.0 = Debug|Any CPU
		{CD3EF20C-5920-44DE-9821-C9CF5A7666B8}.Release|Any CPU.ActiveCfg = Release|Any CPU
		{CD3EF20C-5920-44DE-9821-C9CF5A7666B8}.Release|Any CPU.Build.0 = Release|Any CPU
		{C4DE36DE-2A47-4012-8D84-0DE9DD6BF50A}.Debug|Any CPU.ActiveCfg = Debug|Any CPU
		{C4DE36DE-2A47-4012-8D84-0DE9DD6BF50A}.Debug|Any CPU.Build.0 = Debug|Any CPU
		{C4DE36DE-2A47-4012-8D84-0DE9DD6BF50A}.Release|Any CPU.ActiveCfg = Release|Any CPU
		{C4DE36DE-2A47-4012-8D84-0DE9DD6BF50A}.Release|Any CPU.Build.0 = Release|Any CPU
		{51DD7DF0-2E6A-4075-9FFC-1936AFE22C76}.Debug|Any CPU.ActiveCfg = Debug|Any CPU
		{51DD7DF0-2E6A-4075-9FFC-1936AFE22C76}.Debug|Any CPU.Build.0 = Debug|Any CPU
		{51DD7DF0-2E6A-4075-9FFC-1936AFE22C76}.Release|Any CPU.ActiveCfg = Release|Any CPU
		{51DD7DF0-2E6A-4075-9FFC-1936AFE22C76}.Release|Any CPU.Build.0 = Release|Any CPU
		{5F02DF85-0096-4BB8-AB63-108911638EF8}.Debug|Any CPU.ActiveCfg = Debug|Any CPU
		{5F02DF85-0096-4BB8-AB63-108911638EF8}.Debug|Any CPU.Build.0 = Debug|Any CPU
		{5F02DF85-0096-4BB8-AB63-108911638EF8}.Release|Any CPU.ActiveCfg = Release|Any CPU
		{5F02DF85-0096-4BB8-AB63-108911638EF8}.Release|Any CPU.Build.0 = Release|Any CPU
		{BE37BCE7-69E4-45DD-A3CE-976FBBA08B77}.Debug|Any CPU.ActiveCfg = Debug|Any CPU
		{BE37BCE7-69E4-45DD-A3CE-976FBBA08B77}.Debug|Any CPU.Build.0 = Debug|Any CPU
		{BE37BCE7-69E4-45DD-A3CE-976FBBA08B77}.Release|Any CPU.ActiveCfg = Release|Any CPU
		{BE37BCE7-69E4-45DD-A3CE-976FBBA08B77}.Release|Any CPU.Build.0 = Release|Any CPU
		{694597B2-1C5C-4B3D-A4EE-1AADF42A76A2}.Debug|Any CPU.ActiveCfg = Debug|Any CPU
		{694597B2-1C5C-4B3D-A4EE-1AADF42A76A2}.Debug|Any CPU.Build.0 = Debug|Any CPU
		{694597B2-1C5C-4B3D-A4EE-1AADF42A76A2}.Release|Any CPU.ActiveCfg = Release|Any CPU
		{694597B2-1C5C-4B3D-A4EE-1AADF42A76A2}.Release|Any CPU.Build.0 = Release|Any CPU
		{C9748ACC-5211-4E58-865E-ADA548A79366}.Debug|Any CPU.ActiveCfg = Debug|Any CPU
		{C9748ACC-5211-4E58-865E-ADA548A79366}.Debug|Any CPU.Build.0 = Debug|Any CPU
		{C9748ACC-5211-4E58-865E-ADA548A79366}.Release|Any CPU.ActiveCfg = Release|Any CPU
		{C9748ACC-5211-4E58-865E-ADA548A79366}.Release|Any CPU.Build.0 = Release|Any CPU
		{00DE49CF-4946-42CB-A35A-E500FAE9460B}.Debug|Any CPU.ActiveCfg = Debug|Any CPU
		{00DE49CF-4946-42CB-A35A-E500FAE9460B}.Debug|Any CPU.Build.0 = Debug|Any CPU
		{00DE49CF-4946-42CB-A35A-E500FAE9460B}.Release|Any CPU.ActiveCfg = Release|Any CPU
		{00DE49CF-4946-42CB-A35A-E500FAE9460B}.Release|Any CPU.Build.0 = Release|Any CPU
		{F3BA9EF9-53A0-4E30-BEA5-E13317ED3570}.Debug|Any CPU.ActiveCfg = Debug|Any CPU
		{F3BA9EF9-53A0-4E30-BEA5-E13317ED3570}.Debug|Any CPU.Build.0 = Debug|Any CPU
		{F3BA9EF9-53A0-4E30-BEA5-E13317ED3570}.Release|Any CPU.ActiveCfg = Release|Any CPU
		{F3BA9EF9-53A0-4E30-BEA5-E13317ED3570}.Release|Any CPU.Build.0 = Release|Any CPU
		{84CB8AC9-F47E-40F6-93D5-07F515BA2124}.Debug|Any CPU.ActiveCfg = Debug|Any CPU
		{84CB8AC9-F47E-40F6-93D5-07F515BA2124}.Debug|Any CPU.Build.0 = Debug|Any CPU
		{84CB8AC9-F47E-40F6-93D5-07F515BA2124}.Release|Any CPU.ActiveCfg = Release|Any CPU
		{84CB8AC9-F47E-40F6-93D5-07F515BA2124}.Release|Any CPU.Build.0 = Release|Any CPU
		{06669B71-4744-42BB-815F-1825E92F96FD}.Debug|Any CPU.ActiveCfg = Debug|Any CPU
		{06669B71-4744-42BB-815F-1825E92F96FD}.Debug|Any CPU.Build.0 = Debug|Any CPU
		{06669B71-4744-42BB-815F-1825E92F96FD}.Release|Any CPU.ActiveCfg = Release|Any CPU
		{06669B71-4744-42BB-815F-1825E92F96FD}.Release|Any CPU.Build.0 = Release|Any CPU
	EndGlobalSection
EndGlobal
